
Microsoft Visual Studio Solution File, Format Version 12.00
# Visual Studio Version 17
VisualStudioVersion = 17.13.35931.197 d17.13
MinimumVisualStudioVersion = 10.0.40219.1
Project("{54A90642-561A-4BB1-A94E-469ADEE60C69}") = "nomorelonely.client", "nomorelonely.client\nomorelonely.client.esproj", "{567FD380-18D5-7073-A8FF-AEA6EA068C2F}"
EndProject
Project("{FAE04EC0-301F-11D3-BF4B-00C04F79EFBC}") = "NoMoreLonely.Server", "NoMoreLonely.Server\NoMoreLonely.Server.csproj", "{0B6C66FD-CC0D-45EB-8570-F97D3FF06E12}"
EndProject
Global
	GlobalSection(SolutionConfigurationPlatforms) = preSolution
		Debug|Any CPU = Debug|Any CPU
		Release|Any CPU = Release|Any CPU
	EndGlobalSection
	GlobalSection(ProjectConfigurationPlatforms) = postSolution
		{567FD380-18D5-7073-A8FF-AEA6EA068C2F}.Debug|Any CPU.ActiveCfg = Debug|Any CPU
		{567FD380-18D5-7073-A8FF-AEA6EA068C2F}.Debug|Any CPU.Build.0 = Debug|Any CPU
		{567FD380-18D5-7073-A8FF-AEA6EA068C2F}.Debug|Any CPU.Deploy.0 = Debug|Any CPU
		{567FD380-18D5-7073-A8FF-AEA6EA068C2F}.Release|Any CPU.ActiveCfg = Release|Any CPU
		{567FD380-18D5-7073-A8FF-AEA6EA068C2F}.Release|Any CPU.Build.0 = Release|Any CPU
		{567FD380-18D5-7073-A8FF-AEA6EA068C2F}.Release|Any CPU.Deploy.0 = Release|Any CPU
		{0B6C66FD-CC0D-45EB-8570-F97D3FF06E12}.Debug|Any CPU.ActiveCfg = Debug|Any CPU
		{0B6C66FD-CC0D-45EB-8570-F97D3FF06E12}.Debug|Any CPU.Build.0 = Debug|Any CPU
		{0B6C66FD-CC0D-45EB-8570-F97D3FF06E12}.Release|Any CPU.ActiveCfg = Release|Any CPU
		{0B6C66FD-CC0D-45EB-8570-F97D3FF06E12}.Release|Any CPU.Build.0 = Release|Any CPU
	EndGlobalSection
	GlobalSection(SolutionProperties) = preSolution
		HideSolutionNode = FALSE
	EndGlobalSection
	GlobalSection(ExtensibilityGlobals) = postSolution
		SolutionGuid = {CBD9C7B3-3833-49E0-A52A-9EB731DDC07C}
	EndGlobalSection
EndGlobal
